
Microsoft Visual Studio Solution File, Format Version 12.00
# Visual Studio Version 17
VisualStudioVersion = 17.14.36414.22 d17.14
MinimumVisualStudioVersion = 10.0.40219.1
Project("{2150E333-8FDC-42A3-9474-1A3956D46DE8}") = "Task0", "Task0", "{02EA681E-C7D8-13C7-8484-4AC65E1B71E8}"
EndProject
Project("{FAE04EC0-301F-11D3-BF4B-00C04F79EFBC}") = "Tyuiu.AlbornozJ.Sprint4.Task0.V8", "Tyuiu.AlbornozJ.Sprint4.Task0.V8\Tyuiu.AlbornozJ.Sprint4.Task0.V8.csproj", "{A890FEC9-82F0-459C-AE62-7802FF24E622}"
EndProject
Project("{FAE04EC0-301F-11D3-BF4B-00C04F79EFBC}") = "Tyuiu.AlbornozJ.Sprint4.Task0.V8.Lib", "Tyuiu.AlbornozJ.Sprint4.Task0.V8.Lib\Tyuiu.AlbornozJ.Sprint4.Task0.V8.Lib.csproj", "{DC043DA6-9DEE-48D5-9917-4C6FCB681249}"
EndProject
Project("{FAE04EC0-301F-11D3-BF4B-00C04F79EFBC}") = "Tyuiu.AlbornozJ.Sprint4.Task0.V8.Test", "Tyuiu.AlbornozJ.Sprint4.Task0.V8.Test\Tyuiu.AlbornozJ.Sprint4.Task0.V8.Test.csproj", "{4601DDED-CAEB-416E-B576-FAECBE778220}"
EndProject
Global
	GlobalSection(SolutionConfigurationPlatforms) = preSolution
		Debug|Any CPU = Debug|Any CPU
		Release|Any CPU = Release|Any CPU
	EndGlobalSection
	GlobalSection(ProjectConfigurationPlatforms) = postSolution
		{A890FEC9-82F0-459C-AE62-7802FF24E622}.Debug|Any CPU.ActiveCfg = Debug|Any CPU
		{A890FEC9-82F0-459C-AE62-7802FF24E622}.Debug|Any CPU.Build.0 = Debug|Any CPU
		{A890FEC9-82F0-459C-AE62-7802FF24E622}.Release|Any CPU.ActiveCfg = Release|Any CPU
		{A890FEC9-82F0-459C-AE62-7802FF24E622}.Release|Any CPU.Build.0 = Release|Any CPU
		{DC043DA6-9DEE-48D5-9917-4C6FCB681249}.Debug|Any CPU.ActiveCfg = Debug|Any CPU
		{DC043DA6-9DEE-48D5-9917-4C6FCB681249}.Debug|Any CPU.Build.0 = Debug|Any CPU
		{DC043DA6-9DEE-48D5-9917-4C6FCB681249}.Release|Any CPU.ActiveCfg = Release|Any CPU
		{DC043DA6-9DEE-48D5-9917-4C6FCB681249}.Release|Any CPU.Build.0 = Release|Any CPU
		{4601DDED-CAEB-416E-B576-FAECBE778220}.Debug|Any CPU.ActiveCfg = Debug|Any CPU
		{4601DDED-CAEB-416E-B576-FAECBE778220}.Debug|Any CPU.Build.0 = Debug|Any CPU
		{4601DDED-CAEB-416E-B576-FAECBE778220}.Release|Any CPU.ActiveCfg = Release|Any CPU
		{4601DDED-CAEB-416E-B576-FAECBE778220}.Release|Any CPU.Build.0 = Release|Any CPU
	EndGlobalSection
	GlobalSection(SolutionProperties) = preSolution
		HideSolutionNode = FALSE
	EndGlobalSection
	GlobalSection(NestedProjects) = preSolution
		{A890FEC9-82F0-459C-AE62-7802FF24E622} = {02EA681E-C7D8-13C7-8484-4AC65E1B71E8}
		{DC043DA6-9DEE-48D5-9917-4C6FCB681249} = {02EA681E-C7D8-13C7-8484-4AC65E1B71E8}
		{4601DDED-CAEB-416E-B576-FAECBE778220} = {02EA681E-C7D8-13C7-8484-4AC65E1B71E8}
	EndGlobalSection
	GlobalSection(ExtensibilityGlobals) = postSolution
		SolutionGuid = {17063844-0DC4-4AEF-BFFF-6140E2035519}
	EndGlobalSection
EndGlobal
