
Microsoft Visual Studio Solution File, Format Version 12.00
# Visual Studio Version 17
VisualStudioVersion = 17.14.36414.22
MinimumVisualStudioVersion = 10.0.40219.1
Project("{2150E333-8FDC-42A3-9474-1A3956D46DE8}") = "Task0", "Task0", "{02EA681E-C7D8-13C7-8484-4AC65E1B71E8}"
EndProject
Project("{FAE04EC0-301F-11D3-BF4B-00C04F79EFBC}") = "Tyuiu.AlbornozJ.Sprint4.Task0.V8", "Tyuiu.AlbornozJ.Sprint4.Task0.V8\Tyuiu.AlbornozJ.Sprint4.Task0.V8.csproj", "{A890FEC9-82F0-459C-AE62-7802FF24E622}"
EndProject
Project("{FAE04EC0-301F-11D3-BF4B-00C04F79EFBC}") = "Tyuiu.AlbornozJ.Sprint4.Task0.V8.Lib", "Tyuiu.AlbornozJ.Sprint4.Task0.V8.Lib\Tyuiu.AlbornozJ.Sprint4.Task0.V8.Lib.csproj", "{DC043DA6-9DEE-48D5-9917-4C6FCB681249}"
EndProject
Project("{FAE04EC0-301F-11D3-BF4B-00C04F79EFBC}") = "Tyuiu.AlbornozJ.Sprint4.Task0.V8.Test", "Tyuiu.AlbornozJ.Sprint4.Task0.V8.Test\Tyuiu.AlbornozJ.Sprint4.Task0.V8.Test.csproj", "{4601DDED-CAEB-416E-B576-FAECBE778220}"
EndProject
Project("{2150E333-8FDC-42A3-9474-1A3956D46DE8}") = "Task1", "Task1", "{DC44C15E-64A7-4EF5-9A31-3BDD9E813F09}"
EndProject
Project("{FAE04EC0-301F-11D3-BF4B-00C04F79EFBC}") = "Tyuiu.AlbornozJ.Sprint4.Task1.V30", "Tyuiu.AlbornozJ.Sprint4.Task1.V30\Tyuiu.AlbornozJ.Sprint4.Task1.V30.csproj", "{EFE6945F-0029-4FD4-B89F-D80AE0C5B966}"
EndProject
Project("{FAE04EC0-301F-11D3-BF4B-00C04F79EFBC}") = "Tyuiu.AlbornozJ.Sprint4.Task1.V30.Lib", "Tyuiu.AlbornozJ.Sprint4.Task1.V30.Lib\Tyuiu.AlbornozJ.Sprint4.Task1.V30.Lib.csproj", "{0F183CE6-498E-4C59-9C6C-4F78C48E41B8}"
EndProject
Project("{FAE04EC0-301F-11D3-BF4B-00C04F79EFBC}") = "Tyuiu.AlbornozJ.Sprint4.Task1.V30.Test", "Tyuiu.AlbornozJ.Sprint4.Task1.V30.Test\Tyuiu.AlbornozJ.Sprint4.Task1.V30.Test.csproj", "{F6C0A27C-3AE5-4D2F-A54B-BD1E6BF068B7}"
EndProject
Project("{2150E333-8FDC-42A3-9474-1A3956D46DE8}") = "Task2", "Task2", "{A9460FF4-3FE6-4687-AF0F-ABFC567D1D47}"
EndProject
Project("{FAE04EC0-301F-11D3-BF4B-00C04F79EFBC}") = "Tyuiu.AlbornozJ.Sprint4.Task2.V24", "Tyuiu.AlbornozJ.Sprint4.Task2.V24\Tyuiu.AlbornozJ.Sprint4.Task2.V24.csproj", "{1DFC6516-36C2-45E7-BE91-80B41859457C}"
EndProject
Project("{FAE04EC0-301F-11D3-BF4B-00C04F79EFBC}") = "Tyuiu.AlbornozJ.Sprint4.Task2.V24.Lib", "Tyuiu.AlbornozJ.Sprint4.Task2.V24.Lib\Tyuiu.AlbornozJ.Sprint4.Task2.V24.Lib.csproj", "{F467E262-E8AC-435E-BA45-7C6E9AE8CF36}"
EndProject
Project("{FAE04EC0-301F-11D3-BF4B-00C04F79EFBC}") = "Tyuiu.AlbornozJ.Sprint4.Task2.V24.Test", "Tyuiu.AlbornozJ.Sprint4.Task2.V24.Test\Tyuiu.AlbornozJ.Sprint4.Task2.V24.Test.csproj", "{FB8C499E-F8DB-4912-98A6-9A68B01DC7C8}"
EndProject
Project("{2150E333-8FDC-42A3-9474-1A3956D46DE8}") = "Task3", "Task3", "{4977DC57-5679-4E99-8217-7D2F0F4A407C}"
EndProject
Project("{FAE04EC0-301F-11D3-BF4B-00C04F79EFBC}") = "Tyuiu.AlbornozJ.Sprint4.Task3.V2", "Tyuiu.AlbornozJ.Sprint4.Task3.V2\Tyuiu.AlbornozJ.Sprint4.Task3.V2.csproj", "{747AB921-99E8-4478-86AF-ADE757EBABEC}"
EndProject
Project("{FAE04EC0-301F-11D3-BF4B-00C04F79EFBC}") = "Tyuiu.AlbornozJ.Sprint4.Task3.V2.Lib", "Tyuiu.AlbornozJ.Sprint4.Task3.V2.Lib\Tyuiu.AlbornozJ.Sprint4.Task3.V2.Lib.csproj", "{F9ED6BAB-EFC5-4D15-8294-9FC225DB3577}"
EndProject
Project("{FAE04EC0-301F-11D3-BF4B-00C04F79EFBC}") = "Tyuiu.AlbornozJ.Sprint4.Task3.V2.Test", "Tyuiu.AlbornozJ.Sprint4.Task3.V2.Test\Tyuiu.AlbornozJ.Sprint4.Task3.V2.Test.csproj", "{A279BC2F-9C6F-43AF-8A17-FAA7BF5E71A8}"
EndProject
Project("{2150E333-8FDC-42A3-9474-1A3956D46DE8}") = "Task4", "Task4", "{2E8F285C-C6BC-4E10-B035-5DFE33EC6497}"
EndProject
Project("{FAE04EC0-301F-11D3-BF4B-00C04F79EFBC}") = "Tyuiu.AlbornozJ.Sprint4.Task4.V29", "Tyuiu.AlbornozJ.Sprint4.Task4.V29\Tyuiu.AlbornozJ.Sprint4.Task4.V29.csproj", "{7CB86047-49A3-456B-A037-0C9F102C0582}"
EndProject
Project("{FAE04EC0-301F-11D3-BF4B-00C04F79EFBC}") = "Tyuiu.AlbornozJ.Sprint4.Task4.V29.Lib", "Tyuiu.AlbornozJ.Sprint4.Task4.V29.Lib\Tyuiu.AlbornozJ.Sprint4.Task4.V29.Lib.csproj", "{49ED2A4B-F93B-4B38-A270-D0BDB052BCA4}"
EndProject
Project("{FAE04EC0-301F-11D3-BF4B-00C04F79EFBC}") = "Tyuiu.AlbornozJ.Sprint4.Task4.V29.Test", "Tyuiu.AlbornozJ.Sprint4.Task4.V29.Test\Tyuiu.AlbornozJ.Sprint4.Task4.V29.Test.csproj", "{351CB4F2-7F2E-4401-9257-BEDBCBCFDC29}"
EndProject
Project("{2150E333-8FDC-42A3-9474-1A3956D46DE8}") = "Task5", "Task5", "{0B61A17D-3CE7-4470-9935-96BA87EFE95F}"
EndProject
Project("{FAE04EC0-301F-11D3-BF4B-00C04F79EFBC}") = "Tyuiu.AlbornozJ.Sprint4.Task5.V4", "Tyuiu.AlbornozJ.Sprint4.Task5.V4\Tyuiu.AlbornozJ.Sprint4.Task5.V4.csproj", "{17CE395B-4582-4571-8FE7-46A3764B373A}"
EndProject
Project("{FAE04EC0-301F-11D3-BF4B-00C04F79EFBC}") = "Tyuiu.AlbornozJ.Sprint4.Task5.V4.Lib", "Tyuiu.AlbornozJ.Sprint4.Task5.V4.Lib\Tyuiu.AlbornozJ.Sprint4.Task5.V4.Lib.csproj", "{41757627-F65C-4330-9017-90C04BAC9745}"
EndProject
Project("{FAE04EC0-301F-11D3-BF4B-00C04F79EFBC}") = "Tyuiu.AlbornozJ.Sprint4.Task5.V4.Test", "Tyuiu.AlbornozJ.Sprint4.Task5.V4.Test\Tyuiu.AlbornozJ.Sprint4.Task5.V4.Test.csproj", "{B5CF1B3C-44C1-4661-BADF-E5EE0E17CF2F}"
EndProject
Project("{2150E333-8FDC-42A3-9474-1A3956D46DE8}") = "Task6", "Task6", "{05BDC41B-16B3-479B-AAD0-921522840A33}"
EndProject
Project("{FAE04EC0-301F-11D3-BF4B-00C04F79EFBC}") = "Tyuiu.AlbornozJ.Sprint4.Task6.V7", "Tyuiu.AlbornozJ.Sprint4.Task6.V7\Tyuiu.AlbornozJ.Sprint4.Task6.V7.csproj", "{67553687-BD33-4A88-8BD1-3DB573411046}"
EndProject
Project("{FAE04EC0-301F-11D3-BF4B-00C04F79EFBC}") = "Tyuiu.AlbornozJ.Sprint4.Task6.V7.Lib", "Tyuiu.AlbornozJ.Sprint4.Task6.V7.Lib\Tyuiu.AlbornozJ.Sprint4.Task6.V7.Lib.csproj", "{C9CAC390-5DC7-4388-AC8B-FFFDC9D8E1F5}"
EndProject
Project("{FAE04EC0-301F-11D3-BF4B-00C04F79EFBC}") = "Tyuiu.AlbornozJ.Sprint4.Task6.V7.Test", "Tyuiu.AlbornozJ.Sprint4.Task6.V7.Test\Tyuiu.AlbornozJ.Sprint4.Task6.V7.Test.csproj", "{4DE67DA9-8BB1-4D7E-A424-095E2A08991D}"
EndProject
Project("{2150E333-8FDC-42A3-9474-1A3956D46DE8}") = "Task7", "Task7", "{66A876CE-ABE9-42A1-9324-7C5E92265B53}"
EndProject
Project("{FAE04EC0-301F-11D3-BF4B-00C04F79EFBC}") = "Tyuiu.AlbornozJ.Sprint4.Task7.V9", "Tyuiu.AlbornozJ.Sprint4.Task7.V9\Tyuiu.AlbornozJ.Sprint4.Task7.V9.csproj", "{816CAF7E-F375-45E0-8D18-212295D23B55}"
EndProject
Project("{FAE04EC0-301F-11D3-BF4B-00C04F79EFBC}") = "Tyuiu.AlbornozJ.Sprint4.Task7.V9.Lib", "Tyuiu.AlbornozJ.Sprint4.Task7.V9.Lib\Tyuiu.AlbornozJ.Sprint4.Task7.V9.Lib.csproj", "{E949CD71-AF3E-49D7-83CE-FB02CC8CE529}"
EndProject
Project("{FAE04EC0-301F-11D3-BF4B-00C04F79EFBC}") = "Tyuiu.AlbornozJ.Sprint4.Task7.V9.Test", "Tyuiu.AlbornozJ.Sprint4.Task7.V9.Test\Tyuiu.AlbornozJ.Sprint4.Task7.V9.Test.csproj", "{1820F62F-FB2A-4E72-9482-07E04F78AFA8}"
EndProject
Global
	GlobalSection(SolutionConfigurationPlatforms) = preSolution
		Debug|Any CPU = Debug|Any CPU
		Release|Any CPU = Release|Any CPU
	EndGlobalSection
	GlobalSection(ProjectConfigurationPlatforms) = postSolution
		{A890FEC9-82F0-459C-AE62-7802FF24E622}.Debug|Any CPU.ActiveCfg = Debug|Any CPU
		{A890FEC9-82F0-459C-AE62-7802FF24E622}.Debug|Any CPU.Build.0 = Debug|Any CPU
		{A890FEC9-82F0-459C-AE62-7802FF24E622}.Release|Any CPU.ActiveCfg = Release|Any CPU
		{A890FEC9-82F0-459C-AE62-7802FF24E622}.Release|Any CPU.Build.0 = Release|Any CPU
		{DC043DA6-9DEE-48D5-9917-4C6FCB681249}.Debug|Any CPU.ActiveCfg = Debug|Any CPU
		{DC043DA6-9DEE-48D5-9917-4C6FCB681249}.Debug|Any CPU.Build.0 = Debug|Any CPU
		{DC043DA6-9DEE-48D5-9917-4C6FCB681249}.Release|Any CPU.ActiveCfg = Release|Any CPU
		{DC043DA6-9DEE-48D5-9917-4C6FCB681249}.Release|Any CPU.Build.0 = Release|Any CPU
		{4601DDED-CAEB-416E-B576-FAECBE778220}.Debug|Any CPU.ActiveCfg = Debug|Any CPU
		{4601DDED-CAEB-416E-B576-FAECBE778220}.Debug|Any CPU.Build.0 = Debug|Any CPU
		{4601DDED-CAEB-416E-B576-FAECBE778220}.Release|Any CPU.ActiveCfg = Release|Any CPU
		{4601DDED-CAEB-416E-B576-FAECBE778220}.Release|Any CPU.Build.0 = Release|Any CPU
		{EFE6945F-0029-4FD4-B89F-D80AE0C5B966}.Debug|Any CPU.ActiveCfg = Debug|Any CPU
		{EFE6945F-0029-4FD4-B89F-D80AE0C5B966}.Debug|Any CPU.Build.0 = Debug|Any CPU
		{EFE6945F-0029-4FD4-B89F-D80AE0C5B966}.Release|Any CPU.ActiveCfg = Release|Any CPU
		{EFE6945F-0029-4FD4-B89F-D80AE0C5B966}.Release|Any CPU.Build.0 = Release|Any CPU
		{0F183CE6-498E-4C59-9C6C-4F78C48E41B8}.Debug|Any CPU.ActiveCfg = Debug|Any CPU
		{0F183CE6-498E-4C59-9C6C-4F78C48E41B8}.Debug|Any CPU.Build.0 = Debug|Any CPU
		{0F183CE6-498E-4C59-9C6C-4F78C48E41B8}.Release|Any CPU.ActiveCfg = Release|Any CPU
		{0F183CE6-498E-4C59-9C6C-4F78C48E41B8}.Release|Any CPU.Build.0 = Release|Any CPU
		{F6C0A27C-3AE5-4D2F-A54B-BD1E6BF068B7}.Debug|Any CPU.ActiveCfg = Debug|Any CPU
		{F6C0A27C-3AE5-4D2F-A54B-BD1E6BF068B7}.Debug|Any CPU.Build.0 = Debug|Any CPU
		{F6C0A27C-3AE5-4D2F-A54B-BD1E6BF068B7}.Release|Any CPU.ActiveCfg = Release|Any CPU
		{F6C0A27C-3AE5-4D2F-A54B-BD1E6BF068B7}.Release|Any CPU.Build.0 = Release|Any CPU
		{1DFC6516-36C2-45E7-BE91-80B41859457C}.Debug|Any CPU.ActiveCfg = Debug|Any CPU
		{1DFC6516-36C2-45E7-BE91-80B41859457C}.Debug|Any CPU.Build.0 = Debug|Any CPU
		{1DFC6516-36C2-45E7-BE91-80B41859457C}.Release|Any CPU.ActiveCfg = Release|Any CPU
		{1DFC6516-36C2-45E7-BE91-80B41859457C}.Release|Any CPU.Build.0 = Release|Any CPU
		{F467E262-E8AC-435E-BA45-7C6E9AE8CF36}.Debug|Any CPU.ActiveCfg = Debug|Any CPU
		{F467E262-E8AC-435E-BA45-7C6E9AE8CF36}.Debug|Any CPU.Build.0 = Debug|Any CPU
		{F467E262-E8AC-435E-BA45-7C6E9AE8CF36}.Release|Any CPU.ActiveCfg = Release|Any CPU
		{F467E262-E8AC-435E-BA45-7C6E9AE8CF36}.Release|Any CPU.Build.0 = Release|Any CPU
		{FB8C499E-F8DB-4912-98A6-9A68B01DC7C8}.Debug|Any CPU.ActiveCfg = Debug|Any CPU
		{FB8C499E-F8DB-4912-98A6-9A68B01DC7C8}.Debug|Any CPU.Build.0 = Debug|Any CPU
		{FB8C499E-F8DB-4912-98A6-9A68B01DC7C8}.Release|Any CPU.ActiveCfg = Release|Any CPU
		{FB8C499E-F8DB-4912-98A6-9A68B01DC7C8}.Release|Any CPU.Build.0 = Release|Any CPU
		{747AB921-99E8-4478-86AF-ADE757EBABEC}.Debug|Any CPU.ActiveCfg = Debug|Any CPU
		{747AB921-99E8-4478-86AF-ADE757EBABEC}.Debug|Any CPU.Build.0 = Debug|Any CPU
		{747AB921-99E8-4478-86AF-ADE757EBABEC}.Release|Any CPU.ActiveCfg = Release|Any CPU
		{747AB921-99E8-4478-86AF-ADE757EBABEC}.Release|Any CPU.Build.0 = Release|Any CPU
		{F9ED6BAB-EFC5-4D15-8294-9FC225DB3577}.Debug|Any CPU.ActiveCfg = Debug|Any CPU
		{F9ED6BAB-EFC5-4D15-8294-9FC225DB3577}.Debug|Any CPU.Build.0 = Debug|Any CPU
		{F9ED6BAB-EFC5-4D15-8294-9FC225DB3577}.Release|Any CPU.ActiveCfg = Release|Any CPU
		{F9ED6BAB-EFC5-4D15-8294-9FC225DB3577}.Release|Any CPU.Build.0 = Release|Any CPU
		{A279BC2F-9C6F-43AF-8A17-FAA7BF5E71A8}.Debug|Any CPU.ActiveCfg = Debug|Any CPU
		{A279BC2F-9C6F-43AF-8A17-FAA7BF5E71A8}.Debug|Any CPU.Build.0 = Debug|Any CPU
		{A279BC2F-9C6F-43AF-8A17-FAA7BF5E71A8}.Release|Any CPU.ActiveCfg = Release|Any CPU
		{A279BC2F-9C6F-43AF-8A17-FAA7BF5E71A8}.Release|Any CPU.Build.0 = Release|Any CPU
		{7CB86047-49A3-456B-A037-0C9F102C0582}.Debug|Any CPU.ActiveCfg = Debug|Any CPU
		{7CB86047-49A3-456B-A037-0C9F102C0582}.Debug|Any CPU.Build.0 = Debug|Any CPU
		{7CB86047-49A3-456B-A037-0C9F102C0582}.Release|Any CPU.ActiveCfg = Release|Any CPU
		{7CB86047-49A3-456B-A037-0C9F102C0582}.Release|Any CPU.Build.0 = Release|Any CPU
		{49ED2A4B-F93B-4B38-A270-D0BDB052BCA4}.Debug|Any CPU.ActiveCfg = Debug|Any CPU
		{49ED2A4B-F93B-4B38-A270-D0BDB052BCA4}.Debug|Any CPU.Build.0 = Debug|Any CPU
		{49ED2A4B-F93B-4B38-A270-D0BDB052BCA4}.Release|Any CPU.ActiveCfg = Release|Any CPU
		{49ED2A4B-F93B-4B38-A270-D0BDB052BCA4}.Release|Any CPU.Build.0 = Release|Any CPU
		{351CB4F2-7F2E-4401-9257-BEDBCBCFDC29}.Debug|Any CPU.ActiveCfg = Debug|Any CPU
		{351CB4F2-7F2E-4401-9257-BEDBCBCFDC29}.Debug|Any CPU.Build.0 = Debug|Any CPU
		{351CB4F2-7F2E-4401-9257-BEDBCBCFDC29}.Release|Any CPU.ActiveCfg = Release|Any CPU
		{351CB4F2-7F2E-4401-9257-BEDBCBCFDC29}.Release|Any CPU.Build.0 = Release|Any CPU
		{17CE395B-4582-4571-8FE7-46A3764B373A}.Debug|Any CPU.ActiveCfg = Debug|Any CPU
		{17CE395B-4582-4571-8FE7-46A3764B373A}.Debug|Any CPU.Build.0 = Debug|Any CPU
		{17CE395B-4582-4571-8FE7-46A3764B373A}.Release|Any CPU.ActiveCfg = Release|Any CPU
		{17CE395B-4582-4571-8FE7-46A3764B373A}.Release|Any CPU.Build.0 = Release|Any CPU
		{41757627-F65C-4330-9017-90C04BAC9745}.Debug|Any CPU.ActiveCfg = Debug|Any CPU
		{41757627-F65C-4330-9017-90C04BAC9745}.Debug|Any CPU.Build.0 = Debug|Any CPU
		{41757627-F65C-4330-9017-90C04BAC9745}.Release|Any CPU.ActiveCfg = Release|Any CPU
		{41757627-F65C-4330-9017-90C04BAC9745}.Release|Any CPU.Build.0 = Release|Any CPU
		{B5CF1B3C-44C1-4661-BADF-E5EE0E17CF2F}.Debug|Any CPU.ActiveCfg = Debug|Any CPU
		{B5CF1B3C-44C1-4661-BADF-E5EE0E17CF2F}.Debug|Any CPU.Build.0 = Debug|Any CPU
		{B5CF1B3C-44C1-4661-BADF-E5EE0E17CF2F}.Release|Any CPU.ActiveCfg = Release|Any CPU
		{B5CF1B3C-44C1-4661-BADF-E5EE0E17CF2F}.Release|Any CPU.Build.0 = Release|Any CPU
		{67553687-BD33-4A88-8BD1-3DB573411046}.Debug|Any CPU.ActiveCfg = Debug|Any CPU
		{67553687-BD33-4A88-8BD1-3DB573411046}.Debug|Any CPU.Build.0 = Debug|Any CPU
		{67553687-BD33-4A88-8BD1-3DB573411046}.Release|Any CPU.ActiveCfg = Release|Any CPU
		{67553687-BD33-4A88-8BD1-3DB573411046}.Release|Any CPU.Build.0 = Release|Any CPU
		{C9CAC390-5DC7-4388-AC8B-FFFDC9D8E1F5}.Debug|Any CPU.ActiveCfg = Debug|Any CPU
		{C9CAC390-5DC7-4388-AC8B-FFFDC9D8E1F5}.Debug|Any CPU.Build.0 = Debug|Any CPU
		{C9CAC390-5DC7-4388-AC8B-FFFDC9D8E1F5}.Release|Any CPU.ActiveCfg = Release|Any CPU
		{C9CAC390-5DC7-4388-AC8B-FFFDC9D8E1F5}.Release|Any CPU.Build.0 = Release|Any CPU
		{4DE67DA9-8BB1-4D7E-A424-095E2A08991D}.Debug|Any CPU.ActiveCfg = Debug|Any CPU
		{4DE67DA9-8BB1-4D7E-A424-095E2A08991D}.Debug|Any CPU.Build.0 = Debug|Any CPU
		{4DE67DA9-8BB1-4D7E-A424-095E2A08991D}.Release|Any CPU.ActiveCfg = Release|Any CPU
		{4DE67DA9-8BB1-4D7E-A424-095E2A08991D}.Release|Any CPU.Build.0 = Release|Any CPU
		{816CAF7E-F375-45E0-8D18-212295D23B55}.Debug|Any CPU.ActiveCfg = Debug|Any CPU
		{816CAF7E-F375-45E0-8D18-212295D23B55}.Debug|Any CPU.Build.0 = Debug|Any CPU
		{816CAF7E-F375-45E0-8D18-212295D23B55}.Release|Any CPU.ActiveCfg = Release|Any CPU
		{816CAF7E-F375-45E0-8D18-212295D23B55}.Release|Any CPU.Build.0 = Release|Any CPU
		{E949CD71-AF3E-49D7-83CE-FB02CC8CE529}.Debug|Any CPU.ActiveCfg = Debug|Any CPU
		{E949CD71-AF3E-49D7-83CE-FB02CC8CE529}.Debug|Any CPU.Build.0 = Debug|Any CPU
		{E949CD71-AF3E-49D7-83CE-FB02CC8CE529}.Release|Any CPU.ActiveCfg = Release|Any CPU
		{E949CD71-AF3E-49D7-83CE-FB02CC8CE529}.Release|Any CPU.Build.0 = Release|Any CPU
		{1820F62F-FB2A-4E72-9482-07E04F78AFA8}.Debug|Any CPU.ActiveCfg = Debug|Any CPU
		{1820F62F-FB2A-4E72-9482-07E04F78AFA8}.Debug|Any CPU.Build.0 = Debug|Any CPU
		{1820F62F-FB2A-4E72-9482-07E04F78AFA8}.Release|Any CPU.ActiveCfg = Release|Any CPU
		{1820F62F-FB2A-4E72-9482-07E04F78AFA8}.Release|Any CPU.Build.0 = Release|Any CPU
	EndGlobalSection
	GlobalSection(SolutionProperties) = preSolution
		HideSolutionNode = FALSE
	EndGlobalSection
	GlobalSection(NestedProjects) = preSolution
		{A890FEC9-82F0-459C-AE62-7802FF24E622} = {02EA681E-C7D8-13C7-8484-4AC65E1B71E8}
		{DC043DA6-9DEE-48D5-9917-4C6FCB681249} = {02EA681E-C7D8-13C7-8484-4AC65E1B71E8}
		{4601DDED-CAEB-416E-B576-FAECBE778220} = {02EA681E-C7D8-13C7-8484-4AC65E1B71E8}
		{EFE6945F-0029-4FD4-B89F-D80AE0C5B966} = {DC44C15E-64A7-4EF5-9A31-3BDD9E813F09}
		{0F183CE6-498E-4C59-9C6C-4F78C48E41B8} = {DC44C15E-64A7-4EF5-9A31-3BDD9E813F09}
		{F6C0A27C-3AE5-4D2F-A54B-BD1E6BF068B7} = {DC44C15E-64A7-4EF5-9A31-3BDD9E813F09}
		{1DFC6516-36C2-45E7-BE91-80B41859457C} = {A9460FF4-3FE6-4687-AF0F-ABFC567D1D47}
		{F467E262-E8AC-435E-BA45-7C6E9AE8CF36} = {A9460FF4-3FE6-4687-AF0F-ABFC567D1D47}
		{FB8C499E-F8DB-4912-98A6-9A68B01DC7C8} = {A9460FF4-3FE6-4687-AF0F-ABFC567D1D47}
		{747AB921-99E8-4478-86AF-ADE757EBABEC} = {4977DC57-5679-4E99-8217-7D2F0F4A407C}
		{F9ED6BAB-EFC5-4D15-8294-9FC225DB3577} = {4977DC57-5679-4E99-8217-7D2F0F4A407C}
		{A279BC2F-9C6F-43AF-8A17-FAA7BF5E71A8} = {4977DC57-5679-4E99-8217-7D2F0F4A407C}
		{7CB86047-49A3-456B-A037-0C9F102C0582} = {2E8F285C-C6BC-4E10-B035-5DFE33EC6497}
		{49ED2A4B-F93B-4B38-A270-D0BDB052BCA4} = {2E8F285C-C6BC-4E10-B035-5DFE33EC6497}
		{351CB4F2-7F2E-4401-9257-BEDBCBCFDC29} = {2E8F285C-C6BC-4E10-B035-5DFE33EC6497}
		{17CE395B-4582-4571-8FE7-46A3764B373A} = {0B61A17D-3CE7-4470-9935-96BA87EFE95F}
		{41757627-F65C-4330-9017-90C04BAC9745} = {0B61A17D-3CE7-4470-9935-96BA87EFE95F}
		{B5CF1B3C-44C1-4661-BADF-E5EE0E17CF2F} = {0B61A17D-3CE7-4470-9935-96BA87EFE95F}
		{67553687-BD33-4A88-8BD1-3DB573411046} = {05BDC41B-16B3-479B-AAD0-921522840A33}
		{C9CAC390-5DC7-4388-AC8B-FFFDC9D8E1F5} = {05BDC41B-16B3-479B-AAD0-921522840A33}
		{4DE67DA9-8BB1-4D7E-A424-095E2A08991D} = {05BDC41B-16B3-479B-AAD0-921522840A33}
		{816CAF7E-F375-45E0-8D18-212295D23B55} = {66A876CE-ABE9-42A1-9324-7C5E92265B53}
		{E949CD71-AF3E-49D7-83CE-FB02CC8CE529} = {66A876CE-ABE9-42A1-9324-7C5E92265B53}
		{1820F62F-FB2A-4E72-9482-07E04F78AFA8} = {66A876CE-ABE9-42A1-9324-7C5E92265B53}
	EndGlobalSection
	GlobalSection(ExtensibilityGlobals) = postSolution
		SolutionGuid = {17063844-0DC4-4AEF-BFFF-6140E2035519}
	EndGlobalSection
EndGlobal
